
Microsoft Visual Studio Solution File, Format Version 12.00
# Visual Studio Version 16
VisualStudioVersion = 16.0.31019.35
MinimumVisualStudioVersion = 10.0.40219.1
Project("{FAE04EC0-301F-11D3-BF4B-00C04F79EFBC}") = "Variable", "Variable\Variable.csproj", "{4DFA51D8-369A-4D8B-AFD1-A6449C241ED7}"
EndProject
Global
	GlobalSection(SolutionConfigurationPlatforms) = preSolution
		Debug|Any CPU = Debug|Any CPU
		Release|Any CPU = Release|Any CPU
	EndGlobalSection
	GlobalSection(ProjectConfigurationPlatforms) = postSolution
		{4DFA51D8-369A-4D8B-AFD1-A6449C241ED7}.Debug|Any CPU.ActiveCfg = Debug|Any CPU
		{4DFA51D8-369A-4D8B-AFD1-A6449C241ED7}.Debug|Any CPU.Build.0 = Debug|Any CPU
		{4DFA51D8-369A-4D8B-AFD1-A6449C241ED7}.Release|Any CPU.ActiveCfg = Release|Any CPU
		{4DFA51D8-369A-4D8B-AFD1-A6449C241ED7}.Release|Any CPU.Build.0 = Release|Any CPU
	EndGlobalSection
	GlobalSection(SolutionProperties) = preSolution
		HideSolutionNode = FALSE
	EndGlobalSection
	GlobalSection(ExtensibilityGlobals) = postSolution
		SolutionGuid = {0A3FFBD2-5961-408D-B1D3-69C822F32AC4}
	EndGlobalSection
EndGlobal
