
Microsoft Visual Studio Solution File, Format Version 12.00
# Visual Studio Version 16
VisualStudioVersion = 16.0.31019.35
MinimumVisualStudioVersion = 10.0.40219.1
Project("{FAE04EC0-301F-11D3-BF4B-00C04F79EFBC}") = "LeerTeclado", "LeerTeclado\LeerTeclado.csproj", "{DC5D5EB8-9D95-4867-88D1-BF0D9F1F9843}"
EndProject
Global
	GlobalSection(SolutionConfigurationPlatforms) = preSolution
		Debug|Any CPU = Debug|Any CPU
		Release|Any CPU = Release|Any CPU
	EndGlobalSection
	GlobalSection(ProjectConfigurationPlatforms) = postSolution
		{DC5D5EB8-9D95-4867-88D1-BF0D9F1F9843}.Debug|Any CPU.ActiveCfg = Debug|Any CPU
		{DC5D5EB8-9D95-4867-88D1-BF0D9F1F9843}.Debug|Any CPU.Build.0 = Debug|Any CPU
		{DC5D5EB8-9D95-4867-88D1-BF0D9F1F9843}.Release|Any CPU.ActiveCfg = Release|Any CPU
		{DC5D5EB8-9D95-4867-88D1-BF0D9F1F9843}.Release|Any CPU.Build.0 = Release|Any CPU
	EndGlobalSection
	GlobalSection(SolutionProperties) = preSolution
		HideSolutionNode = FALSE
	EndGlobalSection
	GlobalSection(ExtensibilityGlobals) = postSolution
		SolutionGuid = {55AD9592-289E-4B8A-896B-4DE21619BE73}
	EndGlobalSection
EndGlobal
