
Microsoft Visual Studio Solution File, Format Version 12.00
# Visual Studio Version 16
VisualStudioVersion = 16.0.31019.35
MinimumVisualStudioVersion = 10.0.40219.1
Project("{FAE04EC0-301F-11D3-BF4B-00C04F79EFBC}") = "Herencia", "Herencia\Herencia.csproj", "{9500C377-9552-494F-80A1-E75001332BEB}"
EndProject
Global
	GlobalSection(SolutionConfigurationPlatforms) = preSolution
		Debug|Any CPU = Debug|Any CPU
		Release|Any CPU = Release|Any CPU
	EndGlobalSection
	GlobalSection(ProjectConfigurationPlatforms) = postSolution
		{9500C377-9552-494F-80A1-E75001332BEB}.Debug|Any CPU.ActiveCfg = Debug|Any CPU
		{9500C377-9552-494F-80A1-E75001332BEB}.Debug|Any CPU.Build.0 = Debug|Any CPU
		{9500C377-9552-494F-80A1-E75001332BEB}.Release|Any CPU.ActiveCfg = Release|Any CPU
		{9500C377-9552-494F-80A1-E75001332BEB}.Release|Any CPU.Build.0 = Release|Any CPU
	EndGlobalSection
	GlobalSection(SolutionProperties) = preSolution
		HideSolutionNode = FALSE
	EndGlobalSection
	GlobalSection(ExtensibilityGlobals) = postSolution
		SolutionGuid = {301DDAF5-C25A-4390-A2FC-3CCA8630BA37}
	EndGlobalSection
EndGlobal
