
Microsoft Visual Studio Solution File, Format Version 12.00
# Visual Studio Version 16
VisualStudioVersion = 16.0.31019.35
MinimumVisualStudioVersion = 10.0.40219.1
Project("{FAE04EC0-301F-11D3-BF4B-00C04F79EFBC}") = "Estructuras", "Estructuras\Estructuras.csproj", "{7B14EA4E-09ED-4BB8-BBF9-17A34B34C880}"
EndProject
Global
	GlobalSection(SolutionConfigurationPlatforms) = preSolution
		Debug|Any CPU = Debug|Any CPU
		Release|Any CPU = Release|Any CPU
	EndGlobalSection
	GlobalSection(ProjectConfigurationPlatforms) = postSolution
		{7B14EA4E-09ED-4BB8-BBF9-17A34B34C880}.Debug|Any CPU.ActiveCfg = Debug|Any CPU
		{7B14EA4E-09ED-4BB8-BBF9-17A34B34C880}.Debug|Any CPU.Build.0 = Debug|Any CPU
		{7B14EA4E-09ED-4BB8-BBF9-17A34B34C880}.Release|Any CPU.ActiveCfg = Release|Any CPU
		{7B14EA4E-09ED-4BB8-BBF9-17A34B34C880}.Release|Any CPU.Build.0 = Release|Any CPU
	EndGlobalSection
	GlobalSection(SolutionProperties) = preSolution
		HideSolutionNode = FALSE
	EndGlobalSection
	GlobalSection(ExtensibilityGlobals) = postSolution
		SolutionGuid = {409DF3FB-017F-4E7F-9A78-0C139DC9FDF3}
	EndGlobalSection
EndGlobal
