
Microsoft Visual Studio Solution File, Format Version 12.00
# Visual Studio Version 16
VisualStudioVersion = 16.0.31019.35
MinimumVisualStudioVersion = 10.0.40219.1
Project("{FAE04EC0-301F-11D3-BF4B-00C04F79EFBC}") = "UsodeArreglos", "UsodeArreglos\UsodeArreglos.csproj", "{294847C3-498F-477A-BB12-CBF4BC38584E}"
EndProject
Global
	GlobalSection(SolutionConfigurationPlatforms) = preSolution
		Debug|Any CPU = Debug|Any CPU
		Release|Any CPU = Release|Any CPU
	EndGlobalSection
	GlobalSection(ProjectConfigurationPlatforms) = postSolution
		{294847C3-498F-477A-BB12-CBF4BC38584E}.Debug|Any CPU.ActiveCfg = Debug|Any CPU
		{294847C3-498F-477A-BB12-CBF4BC38584E}.Debug|Any CPU.Build.0 = Debug|Any CPU
		{294847C3-498F-477A-BB12-CBF4BC38584E}.Release|Any CPU.ActiveCfg = Release|Any CPU
		{294847C3-498F-477A-BB12-CBF4BC38584E}.Release|Any CPU.Build.0 = Release|Any CPU
	EndGlobalSection
	GlobalSection(SolutionProperties) = preSolution
		HideSolutionNode = FALSE
	EndGlobalSection
	GlobalSection(ExtensibilityGlobals) = postSolution
		SolutionGuid = {78125BBE-1E41-4FEF-B654-3C573A5CAD78}
	EndGlobalSection
EndGlobal
