
Microsoft Visual Studio Solution File, Format Version 12.00
# Visual Studio 14
VisualStudioVersion = 14.0.23107.0
MinimumVisualStudioVersion = 10.0.40219.1
Project("{FAE04EC0-301F-11D3-BF4B-00C04F79EFBC}") = "ManejoDeErrores", "ManejoDeErrores\ManejoDeErrores.csproj", "{FDA7486C-C059-4AC2-AEC6-28A31623C285}"
EndProject
Global
	GlobalSection(SolutionConfigurationPlatforms) = preSolution
		Debug|Any CPU = Debug|Any CPU
		Release|Any CPU = Release|Any CPU
	EndGlobalSection
	GlobalSection(ProjectConfigurationPlatforms) = postSolution
		{FDA7486C-C059-4AC2-AEC6-28A31623C285}.Debug|Any CPU.ActiveCfg = Debug|Any CPU
		{FDA7486C-C059-4AC2-AEC6-28A31623C285}.Debug|Any CPU.Build.0 = Debug|Any CPU
		{FDA7486C-C059-4AC2-AEC6-28A31623C285}.Release|Any CPU.ActiveCfg = Release|Any CPU
		{FDA7486C-C059-4AC2-AEC6-28A31623C285}.Release|Any CPU.Build.0 = Release|Any CPU
	EndGlobalSection
	GlobalSection(SolutionProperties) = preSolution
		HideSolutionNode = FALSE
	EndGlobalSection
EndGlobal
